{
  "version": "4",
  "specifiers": {
    "jsr:@oak/commons@1": "1.0.0",
    "jsr:@std/assert@1": "1.0.10",
    "jsr:@std/async@1": "1.0.9",
    "jsr:@std/bytes@1": "1.0.4",
    "jsr:@std/bytes@^1.0.2-rc.3": "1.0.4",
    "jsr:@std/crypto@1": "1.0.3",
    "jsr:@std/encoding@1": "1.0.6",
    "jsr:@std/encoding@^1.0.5": "1.0.6",
    "jsr:@std/http@1": "1.0.12",
    "jsr:@std/io@0.224.5": "0.224.5",
    "jsr:@std/media-types@1": "1.1.0",
    "jsr:@std/path@1": "1.0.8",
    "npm:@types/node@*": "22.5.4",
    "npm:path-to-regexp@^6.3.0": "6.3.0"
  },
  "jsr": {
    "@oak/commons@1.0.0": {
      "integrity": "49805b55603c3627a9d6235c0655aa2b6222d3036b3a13ff0380c16368f607ac",
      "dependencies": [
        "jsr:@std/assert",
        "jsr:@std/bytes@1",
        "jsr:@std/crypto",
        "jsr:@std/encoding@1",
        "jsr:@std/http",
        "jsr:@std/media-types"
      ]
    },
    "@std/assert@1.0.10": {
      "integrity": "59b5cbac5bd55459a19045d95cc7c2ff787b4f8527c0dd195078ff6f9481fbb3"
    },
    "@std/async@1.0.9": {
      "integrity": "c6472fd0623b3f3daae023cdf7ca5535e1b721dfbf376562c0c12b3fb4867f91"
    },
    "@std/bytes@1.0.4": {
      "integrity": "11a0debe522707c95c7b7ef89b478c13fb1583a7cfb9a85674cd2cc2e3a28abc"
    },
    "@std/crypto@1.0.3": {
      "integrity": "a2a32f51ddef632d299e3879cd027c630dcd4d1d9a5285d6e6788072f4e51e7f"
    },
    "@std/encoding@1.0.6": {
      "integrity": "ca87122c196e8831737d9547acf001766618e78cd8c33920776c7f5885546069"
    },
    "@std/http@1.0.12": {
      "integrity": "85246d8bfe9c8e2538518725b158bdc31f616e0869255f4a8d9e3de919cab2aa",
      "dependencies": [
        "jsr:@std/encoding@^1.0.5"
      ]
    },
    "@std/io@0.224.5": {
      "integrity": "cb84fe655d1273fca94efcff411465027a8b0b4225203f19d6ee98d9c8920a2d",
      "dependencies": [
        "jsr:@std/bytes@^1.0.2-rc.3"
      ]
    },
    "@std/media-types@1.1.0": {
      "integrity": "c9d093f0c05c3512932b330e3cc1fe1d627b301db33a4c2c2185c02471d6eaa4"
    },
    "@std/path@1.0.8": {
      "integrity": "548fa456bb6a04d3c1a1e7477986b6cffbce95102d0bb447c67c4ee70e0364be"
    }
  },
  "npm": {
    "@types/node@22.5.4": {
      "integrity": "sha512-FDuKUJQm/ju9fT/SeX/6+gBzoPzlVCzfzmGkwKvRHQVxi4BntVbyIwf6a4Xn62mrvndLiml6z/UBXIdEVjQLXg==",
      "dependencies": [
        "undici-types"
      ]
    },
    "path-to-regexp@6.3.0": {
      "integrity": "sha512-Yhpw4T9C6hPpgPeA28us07OJeqZ5EzQTkbfwuhsUg0c237RomFoETJgmp2sa3F/41gfLE6G5cqcYwznmeEeOlQ=="
    },
    "undici-types@6.19.8": {
      "integrity": "sha512-ve2KP6f/JnbPBFyobGHuerC9g1FYGn/F8n1LWTwNxCEzd6IfqTwUQcNXgEtmmQ6DlRrC1hrSrBnCZPokRrDHjw=="
    }
  },
  "remote": {
    "https://deno.land/std@0.129.0/async/abortable.ts": "a896ac6b0d4237bd2d2d248217cfa1f0d85ccda93cb25ebda55e33850e526be6",
    "https://deno.land/std@0.129.0/async/deadline.ts": "48ac998d7564969f3e6ec6b6f9bf0217ebd00239b1b2292feba61272d5dd58d0",
    "https://deno.land/std@0.129.0/async/debounce.ts": "564273ef242bcfcda19a439132f940db8694173abffc159ea34f07d18fc42620",
    "https://deno.land/std@0.129.0/async/deferred.ts": "bc18e28108252c9f67dfca2bbc4587c3cbf3aeb6e155f8c864ca8ecff992b98a",
    "https://deno.land/std@0.129.0/async/delay.ts": "cbbdf1c87d1aed8edc7bae13592fb3e27e3106e0748f089c263390d4f49e5f6c",
    "https://deno.land/std@0.129.0/async/mod.ts": "2240c6841157738414331f47dee09bb8c0482c5b1980b6e3234dd03515c8132f",
    "https://deno.land/std@0.129.0/async/mux_async_iterator.ts": "f4d1d259b0c694d381770ddaaa4b799a94843eba80c17f4a2ec2949168e52d1e",
    "https://deno.land/std@0.129.0/async/pool.ts": "97b0dd27c69544e374df857a40902e74e39532f226005543eabacb551e277082",
    "https://deno.land/std@0.129.0/async/tee.ts": "1341feb1f5b1a96f8628d0f8fc07d8c43d3813423f18a63bf1b4785568d21b1f",
    "https://deno.land/std@0.129.0/fmt/colors.ts": "30455035d6d728394781c10755351742dd731e3db6771b1843f9b9e490104d37",
    "https://deno.land/std@0.129.0/http/http_status.ts": "71838ad33cb03ff2575f5e8fdea5f930979cdff8a81c11ade497f11d4c026019",
    "https://deno.land/std@0.129.0/http/server.ts": "10c3a7814666cdbabd6f9c18acdcc4593e222275a628280a4868881445fbb5bc",
    "https://deno.land/std@0.129.0/testing/_diff.ts": "9d849cd6877694152e01775b2d93f9d6b7aef7e24bfe3bfafc4d7a1ac8e9f392",
    "https://deno.land/std@0.129.0/testing/asserts.ts": "0a95d9e8076dd3e7f0eeb605a67c148078b4b11f4abcd5eef115b0361b0736a2",
    "https://deno.land/std@0.145.0/fmt/colors.ts": "6f9340b7fb8cc25a993a99e5efc56fe81bb5af284ff412129dd06df06f53c0b4",
    "https://deno.land/std@0.145.0/testing/_diff.ts": "029a00560b0d534bc0046f1bce4bd36b3b41ada3f2a3178c85686eb2ff5f1413",
    "https://deno.land/std@0.145.0/testing/_format.ts": "0d8dc79eab15b67cdc532826213bbe05bccfd276ca473a50a3fc7bbfb7260642",
    "https://deno.land/std@0.145.0/testing/_test_suite.ts": "ad453767aeb8c300878a6b7920e20370f4ce92a7b6c8e8a5d1ac2b7c14a09acb",
    "https://deno.land/std@0.145.0/testing/asserts.ts": "319df43e1e6bba2520508f6090a21a9a640cbe2754d255aee17cd1dfa78c2ff6",
    "https://deno.land/std@0.145.0/testing/bdd.ts": "182bb823e09bd75b76063ecf50722870101b7cfadf97a09fa29127279dc21128",
    "https://deno.land/std@0.213.0/assert/_constants.ts": "a271e8ef5a573f1df8e822a6eb9d09df064ad66a4390f21b3e31f820a38e0975",
    "https://deno.land/std@0.213.0/assert/_diff.ts": "dcc63d94ca289aec80644030cf88ccbf7acaa6fbd7b0f22add93616b36593840",
    "https://deno.land/std@0.213.0/assert/_format.ts": "0ba808961bf678437fb486b56405b6fefad2cf87b5809667c781ddee8c32aff4",
    "https://deno.land/std@0.213.0/assert/assert.ts": "bec068b2fccdd434c138a555b19a2c2393b71dfaada02b7d568a01541e67cdc5",
    "https://deno.land/std@0.213.0/assert/assert_almost_equals.ts": "8b96b7385cc117668b0720115eb6ee73d04c9bcb2f5d2344d674918c9113688f",
    "https://deno.land/std@0.213.0/assert/assert_array_includes.ts": "1688d76317fd45b7e93ef9e2765f112fdf2b7c9821016cdfb380b9445374aed1",
    "https://deno.land/std@0.213.0/assert/assert_equals.ts": "4497c56fe7d2993b0d447926702802fc0becb44e319079e8eca39b482ee01b4e",
    "https://deno.land/std@0.213.0/assert/assert_exists.ts": "24a7bf965e634f909242cd09fbaf38bde6b791128ece08e33ab08586a7cc55c9",
    "https://deno.land/std@0.213.0/assert/assert_false.ts": "6f382568e5128c0f855e5f7dbda8624c1ed9af4fcc33ef4a9afeeedcdce99769",
    "https://deno.land/std@0.213.0/assert/assert_greater.ts": "4945cf5729f1a38874d7e589e0fe5cc5cd5abe5573ca2ddca9d3791aa891856c",
    "https://deno.land/std@0.213.0/assert/assert_greater_or_equal.ts": "573ed8823283b8d94b7443eb69a849a3c369a8eb9666b2d1db50c33763a5d219",
    "https://deno.land/std@0.213.0/assert/assert_instance_of.ts": "72dc1faff1e248692d873c89382fa1579dd7b53b56d52f37f9874a75b11ba444",
    "https://deno.land/std@0.213.0/assert/assert_is_error.ts": "6596f2b5ba89ba2fe9b074f75e9318cda97a2381e59d476812e30077fbdb6ed2",
    "https://deno.land/std@0.213.0/assert/assert_less.ts": "2b4b3fe7910f65f7be52212f19c3977ecb8ba5b2d6d0a296c83cde42920bb005",
    "https://deno.land/std@0.213.0/assert/assert_less_or_equal.ts": "b93d212fe669fbde959e35b3437ac9a4468f2e6b77377e7b6ea2cfdd825d38a0",
    "https://deno.land/std@0.213.0/assert/assert_match.ts": "ec2d9680ed3e7b9746ec57ec923a17eef6d476202f339ad91d22277d7f1d16e1",
    "https://deno.land/std@0.213.0/assert/assert_not_equals.ts": "f3edda73043bc2c9fae6cbfaa957d5c69bbe76f5291a5b0466ed132c8789df4c",
    "https://deno.land/std@0.213.0/assert/assert_not_instance_of.ts": "8f720d92d83775c40b2542a8d76c60c2d4aeddaf8713c8d11df8984af2604931",
    "https://deno.land/std@0.213.0/assert/assert_not_match.ts": "b4b7c77f146963e2b673c1ce4846473703409eb93f5ab0eb60f6e6f8aeffe39f",
    "https://deno.land/std@0.213.0/assert/assert_not_strict_equals.ts": "da0b8ab60a45d5a9371088378e5313f624799470c3b54c76e8b8abeec40a77be",
    "https://deno.land/std@0.213.0/assert/assert_object_match.ts": "e85e5eef62a56ce364c3afdd27978ccab979288a3e772e6855c270a7b118fa49",
    "https://deno.land/std@0.213.0/assert/assert_rejects.ts": "e9e0c8d9c3e164c7ac962c37b3be50577c5a2010db107ed272c4c1afb1269f54",
    "https://deno.land/std@0.213.0/assert/assert_strict_equals.ts": "0425a98f70badccb151644c902384c12771a93e65f8ff610244b8147b03a2366",
    "https://deno.land/std@0.213.0/assert/assert_string_includes.ts": "dfb072a890167146f8e5bdd6fde887ce4657098e9f71f12716ef37f35fb6f4a7",
    "https://deno.land/std@0.213.0/assert/assert_throws.ts": "edddd86b39606c342164b49ad88dd39a26e72a26655e07545d172f164b617fa7",
    "https://deno.land/std@0.213.0/assert/assertion_error.ts": "9f689a101ee586c4ce92f52fa7ddd362e86434ffdf1f848e45987dc7689976b8",
    "https://deno.land/std@0.213.0/assert/equal.ts": "fae5e8a52a11d3ac694bbe1a53e13a7969e3f60791262312e91a3e741ae519e2",
    "https://deno.land/std@0.213.0/assert/fail.ts": "f310e51992bac8e54f5fd8e44d098638434b2edb802383690e0d7a9be1979f1c",
    "https://deno.land/std@0.213.0/assert/mod.ts": "325df8c0683ad83a873b9691aa66b812d6275fc9fec0b2d180ac68a2c5efed3b",
    "https://deno.land/std@0.213.0/assert/unimplemented.ts": "47ca67d1c6dc53abd0bd729b71a31e0825fc452dbcd4fde4ca06789d5644e7fd",
    "https://deno.land/std@0.213.0/assert/unreachable.ts": "38cfecb95d8b06906022d2f9474794fca4161a994f83354fd079cac9032b5145",
    "https://deno.land/std@0.213.0/async/delay.ts": "8e1d18fe8b28ff95885e2bc54eccec1713f57f756053576d8228e6ca110793ad",
    "https://deno.land/std@0.213.0/fmt/colors.ts": "aeaee795471b56fc62a3cb2e174ed33e91551b535f44677f6320336aabb54fbb",
    "https://deno.land/std@0.213.0/http/server.ts": "6dce295abc169d0956ae00432441331b3425afad4d79e8b3475739be2f04d614",
    "https://deno.land/std@0.213.0/http/status.ts": "ed61b4882af2514a81aefd3245e8df4c47b9a8e54929a903577643d2d1ebf514",
    "https://deno.land/std@0.224.0/assert/_constants.ts": "a271e8ef5a573f1df8e822a6eb9d09df064ad66a4390f21b3e31f820a38e0975",
    "https://deno.land/std@0.224.0/assert/assert.ts": "09d30564c09de846855b7b071e62b5974b001bb72a4b797958fe0660e7849834",
    "https://deno.land/std@0.224.0/assert/assert_almost_equals.ts": "9e416114322012c9a21fa68e187637ce2d7df25bcbdbfd957cd639e65d3cf293",
    "https://deno.land/std@0.224.0/assert/assert_array_includes.ts": "14c5094471bc8e4a7895fc6aa5a184300d8a1879606574cb1cd715ef36a4a3c7",
    "https://deno.land/std@0.224.0/assert/assert_equals.ts": "3bbca947d85b9d374a108687b1a8ba3785a7850436b5a8930d81f34a32cb8c74",
    "https://deno.land/std@0.224.0/assert/assert_exists.ts": "43420cf7f956748ae6ed1230646567b3593cb7a36c5a5327269279c870c5ddfd",
    "https://deno.land/std@0.224.0/assert/assert_false.ts": "3e9be8e33275db00d952e9acb0cd29481a44fa0a4af6d37239ff58d79e8edeff",
    "https://deno.land/std@0.224.0/assert/assert_greater.ts": "5e57b201fd51b64ced36c828e3dfd773412c1a6120c1a5a99066c9b261974e46",
    "https://deno.land/std@0.224.0/assert/assert_greater_or_equal.ts": "9870030f997a08361b6f63400273c2fb1856f5db86c0c3852aab2a002e425c5b",
    "https://deno.land/std@0.224.0/assert/assert_instance_of.ts": "e22343c1fdcacfaea8f37784ad782683ec1cf599ae9b1b618954e9c22f376f2c",
    "https://deno.land/std@0.224.0/assert/assert_is_error.ts": "f856b3bc978a7aa6a601f3fec6603491ab6255118afa6baa84b04426dd3cc491",
    "https://deno.land/std@0.224.0/assert/assert_less.ts": "60b61e13a1982865a72726a5fa86c24fad7eb27c3c08b13883fb68882b307f68",
    "https://deno.land/std@0.224.0/assert/assert_less_or_equal.ts": "d2c84e17faba4afe085e6c9123a63395accf4f9e00150db899c46e67420e0ec3",
    "https://deno.land/std@0.224.0/assert/assert_match.ts": "ace1710dd3b2811c391946954234b5da910c5665aed817943d086d4d4871a8b7",
    "https://deno.land/std@0.224.0/assert/assert_not_equals.ts": "78d45dd46133d76ce624b2c6c09392f6110f0df9b73f911d20208a68dee2ef29",
    "https://deno.land/std@0.224.0/assert/assert_not_instance_of.ts": "3434a669b4d20cdcc5359779301a0588f941ffdc2ad68803c31eabdb4890cf7a",
    "https://deno.land/std@0.224.0/assert/assert_not_match.ts": "df30417240aa2d35b1ea44df7e541991348a063d9ee823430e0b58079a72242a",
    "https://deno.land/std@0.224.0/assert/assert_not_strict_equals.ts": "37f73880bd672709373d6dc2c5f148691119bed161f3020fff3548a0496f71b8",
    "https://deno.land/std@0.224.0/assert/assert_object_match.ts": "411450fd194fdaabc0089ae68f916b545a49d7b7e6d0026e84a54c9e7eed2693",
    "https://deno.land/std@0.224.0/assert/assert_rejects.ts": "4bee1d6d565a5b623146a14668da8f9eb1f026a4f338bbf92b37e43e0aa53c31",
    "https://deno.land/std@0.224.0/assert/assert_strict_equals.ts": "b4f45f0fd2e54d9029171876bd0b42dd9ed0efd8f853ab92a3f50127acfa54f5",
    "https://deno.land/std@0.224.0/assert/assert_string_includes.ts": "496b9ecad84deab72c8718735373feb6cdaa071eb91a98206f6f3cb4285e71b8",
    "https://deno.land/std@0.224.0/assert/assert_throws.ts": "c6508b2879d465898dab2798009299867e67c570d7d34c90a2d235e4553906eb",
    "https://deno.land/std@0.224.0/assert/assertion_error.ts": "ba8752bd27ebc51f723702fac2f54d3e94447598f54264a6653d6413738a8917",
    "https://deno.land/std@0.224.0/assert/equal.ts": "bddf07bb5fc718e10bb72d5dc2c36c1ce5a8bdd3b647069b6319e07af181ac47",
    "https://deno.land/std@0.224.0/assert/fail.ts": "0eba674ffb47dff083f02ced76d5130460bff1a9a68c6514ebe0cdea4abadb68",
    "https://deno.land/std@0.224.0/assert/mod.ts": "48b8cb8a619ea0b7958ad7ee9376500fe902284bb36f0e32c598c3dc34cbd6f3",
    "https://deno.land/std@0.224.0/assert/unimplemented.ts": "8c55a5793e9147b4f1ef68cd66496b7d5ba7a9e7ca30c6da070c1a58da723d73",
    "https://deno.land/std@0.224.0/assert/unreachable.ts": "5ae3dbf63ef988615b93eb08d395dda771c96546565f9e521ed86f6510c29e19",
    "https://deno.land/std@0.224.0/fmt/colors.ts": "508563c0659dd7198ba4bbf87e97f654af3c34eb56ba790260f252ad8012e1c5",
    "https://deno.land/std@0.224.0/internal/diff.ts": "6234a4b493ebe65dc67a18a0eb97ef683626a1166a1906232ce186ae9f65f4e6",
    "https://deno.land/std@0.224.0/internal/format.ts": "0a98ee226fd3d43450245b1844b47003419d34d210fa989900861c79820d21c2",
    "https://deno.land/std@0.224.0/internal/mod.ts": "534125398c8e7426183e12dc255bb635d94e06d0f93c60a297723abe69d3b22e",
    "https://deno.land/std@0.224.0/testing/_test_suite.ts": "f10a8a6338b60c403f07a76f3f46bdc9f1e1a820c0a1decddeb2949f7a8a0546",
    "https://deno.land/std@0.224.0/testing/asserts.ts": "d0cdbabadc49cc4247a50732ee0df1403fdcd0f95360294ad448ae8c240f3f5c",
    "https://deno.land/std@0.224.0/testing/bdd.ts": "3e4de4ff6d8f348b5574661cef9501b442046a59079e201b849d0e74120d476b",
    "https://deno.land/std@0.89.0/encoding/base64.ts": "eecae390f1f1d1cae6f6c6d732ede5276bf4b9cd29b1d281678c054dc5cc009e",
    "https://deno.land/x/cors@v1.2.2/abcCors.ts": "cdf83a7eaa69a1bf3ab910d18b9422217902fac47601adcaf0afac5a61845d48",
    "https://deno.land/x/cors@v1.2.2/attainCors.ts": "7d6aba0f942495cc31119604e0895c9bb8edd8f8baa7fe78e6c655bd0b4cbf59",
    "https://deno.land/x/cors@v1.2.2/cors.ts": "0e2d9167e3685f9bcf48f565e312b6e1883fa458f7337e5ce7bc2e3b29767980",
    "https://deno.land/x/cors@v1.2.2/mithCors.ts": "3a359d6e716e0410ede278ab54d875b293a2d66d838aaa7cfbf9ddc1e9e990d3",
    "https://deno.land/x/cors@v1.2.2/mod.ts": "2b351913f56d77ad80cb3b8633d4539c9eeddb426dae79437ada0e6a9cb4f1a6",
    "https://deno.land/x/cors@v1.2.2/oakCors.ts": "1348dc7673c61b85d2e80559a7b44f8e0246eaa6bcc6ec744fafe5d9b13b5c71",
    "https://deno.land/x/cors@v1.2.2/opineCors.ts": "fb5790115c26b7061d84b8d6c17d258a1e241bcab75b0bc3ca1fdb2e57bc5072",
    "https://deno.land/x/cors@v1.2.2/types.ts": "97546633ccc7f0df7a29bacba5d91dc6f61decdd1b65258300244dba905d34b8",
    "https://deno.land/x/free_port@v1.2.0/mod.ts": "512646732aaea41fbfd1f210f3ae82660f38251777d189d290da331d0235a58e",
    "https://deno.land/x/oak@v17.1.4/application.ts": "69fb6462eed013562ee61239e60ea77e5df3abb2b0df34568593b9774d72e98f",
    "https://deno.land/x/oak@v17.1.4/body.ts": "f91d8e0298abbabe6acb543d1090e2a41aa665375918a575d72bd6b98b538e40",
    "https://deno.land/x/oak@v17.1.4/context.ts": "e04c3d67d68ee01a279aeded457b0d66255450593dacab22251e7eb0cf6a92e5",
    "https://deno.land/x/oak@v17.1.4/deps.ts": "c71a9421d2ead7803468cd40559cf122ee91d4e81e8a3a98706956f6654e2550",
    "https://deno.land/x/oak@v17.1.4/http_server_bun.ts": "c7f3eb6464d4f047fcc9335e632ffb6bfc24e5ef7dc9a53017a6e453d4197e4b",
    "https://deno.land/x/oak@v17.1.4/http_server_native.ts": "34bab402cc9b6fdf53706699ac2c2ab88faf5c14be2ae18aa105bdc4fd6a8471",
    "https://deno.land/x/oak@v17.1.4/http_server_native_request.ts": "aa98a2f4bbf6f7651c62eb0332a95a1b0faff1d76f7a07fa8bd600766eb24488",
    "https://deno.land/x/oak@v17.1.4/http_server_node.ts": "bfbf7585fcda5a1464cd0f904ec97cbb4d67367757f3ed8cdc99a590a94b34e1",
    "https://deno.land/x/oak@v17.1.4/middleware.ts": "a701caf9d872b93d26759f77c7ad545cb29bc3d197c8375b79b2fbe7e9e60958",
    "https://deno.land/x/oak@v17.1.4/middleware/etag.ts": "f5cf8eb2a7c99ae7e11a4e31dc60beda398aec7a08be343e0de6b632f8064e4d",
    "https://deno.land/x/oak@v17.1.4/middleware/proxy.ts": "e611b7d45f58a1b2caa1cb6c435774822d7b56aa136b8dbb8691fb52d07c5182",
    "https://deno.land/x/oak@v17.1.4/middleware/serve.ts": "66f1e405ac006bfa863e8852092e03951b93dd4ba8381996a719d93d00aa62fe",
    "https://deno.land/x/oak@v17.1.4/mod.ts": "1f42341a6138310eceaf7b8e9b72be4d2a913817d1e823090dee4e7d27c68e98",
    "https://deno.land/x/oak@v17.1.4/node_shims.ts": "e411aef698dca26dfc577d8581ddab678f528bd52bf681337f3c3bcc73845a0a",
    "https://deno.land/x/oak@v17.1.4/request.ts": "5123fd70841a540809702059527a192d22f78042db1bfc4a01eebd77ec25b0fb",
    "https://deno.land/x/oak@v17.1.4/response.ts": "483f8ddd7618325e6ac28f88a3ea9926a09b3c90fa53b481a7a5202d23a0755f",
    "https://deno.land/x/oak@v17.1.4/router.ts": "e8eb2f88806dfdd303f3a663fefb7d9e614342bf40738692e9ef4b2243e1bccd",
    "https://deno.land/x/oak@v17.1.4/send.ts": "42faed583f218ed85d5da7704f36b385537947ec4de6125e20ad8acbfe8d8f68",
    "https://deno.land/x/oak@v17.1.4/testing.ts": "d6489e78d689da08b9896cd0b9b9add243466b407ce6fd63d38e29f8c0a19f5c",
    "https://deno.land/x/oak@v17.1.4/types.ts": "0e74c6c46e0fcfddd87e90fe0216c4ae50c73b113e06d3bdc4283afc7b2570d6",
    "https://deno.land/x/oak@v17.1.4/utils/clone_state.ts": "5a0784d802b86cc3dbf415dfd286025f03a261b3a8f9b3b6fd671be8e51ff027",
    "https://deno.land/x/oak@v17.1.4/utils/consts.ts": "9e14324837558d7af3d4bfc8ba5f13216a0b5d2f8dac14a3a782bc1bbfb756ef",
    "https://deno.land/x/oak@v17.1.4/utils/create_promise_with_resolvers.ts": "f7eeaf65ffa7b6cef03b8dc3fa3a3e35ae5553c6abf1a2260d7797e076acd63a",
    "https://deno.land/x/oak@v17.1.4/utils/decode.ts": "434802a09534a26cc8b8cd009ecc422b4695d22859021fe34f8093784b2483b7",
    "https://deno.land/x/oak@v17.1.4/utils/decode_component.ts": "d68e6da33bf6e733d218c0b7ce7112520640e836f4cfa2760c4aee8facf1c581",
    "https://deno.land/x/oak@v17.1.4/utils/encode_url.ts": "16b213d70f5e211fb3633f97c704f9613d2f8033669d59e0c9ca4fc26551fad6",
    "https://deno.land/x/oak@v17.1.4/utils/resolve_path.ts": "aa39d54a003b38fee55f340a0cba3f93a7af85b8ddd5fbfb049a98fc0109b36d",
    "https://deno.land/x/oak@v17.1.4/utils/streams.ts": "c85ae197f5046d58d5a3e42221254a6c8e63172f9f01b77631e480e1dcc90e05",
    "https://deno.land/x/oak@v17.1.4/utils/type_guards.ts": "92ab7dae4bc5ce10206fb21ca13bedd13a4638848be15f9752146aedeab1fea4",
    "https://deno.land/x/opine@2.1.2/src/methods.ts": "0481daecc6068d24e9e5391818baddf555ab803d39a465dcd259161f8bd8ee49",
    "https://deno.land/x/opine@2.1.2/src/utils/mergeDescriptors.ts": "1fe498d4a1a8dcfd3570f9ca5e0647590d86d029b3c340bfcfdb57002851e41b",
    "https://deno.land/x/opine@2.3.4/src/methods.ts": "0481daecc6068d24e9e5391818baddf555ab803d39a465dcd259161f8bd8ee49",
    "https://deno.land/x/opine@2.3.4/src/utils/mergeDescriptors.ts": "1fe498d4a1a8dcfd3570f9ca5e0647590d86d029b3c340bfcfdb57002851e41b",
    "https://deno.land/x/redis@v0.37.1/backoff.ts": "33e4a6e245f8743fbae0ce583993a671a3ac2ecee433a3e7f0bd77b5dd541d84",
    "https://deno.land/x/redis@v0.37.1/command.ts": "2d1da4b32495ea852bdff0c2e7fd191a056779a696b9f83fb648c5ebac45cfc3",
    "https://deno.land/x/redis@v0.37.1/connection.ts": "cee30a6310298441de17d1028d4ce3fd239dcf05a92294fba7173a922d0596cb",
    "https://deno.land/x/redis@v0.37.1/deps/std/async.ts": "5a588aefb041cca49f0e6b7e3c397119693a3e07bea89c54cf7fe4a412e37bbf",
    "https://deno.land/x/redis@v0.37.1/deps/std/bytes.ts": "f5b437ebcac77600101a81ef457188516e4944b3c2a931dff5ced3fa0c239b62",
    "https://deno.land/x/redis@v0.37.1/deps/std/io.ts": "b7505c5e738384f5f7a021d7bbd78380490c059cc7c83cd8dada1f86ec16e835",
    "https://deno.land/x/redis@v0.37.1/errors.ts": "8293f56a70ea8388cb80b6e1caa15d350ed1719529fc06573b01a443d0caad69",
    "https://deno.land/x/redis@v0.37.1/events.ts": "704767b1beed2d5acfd5e86bd1ef93befdc8a8f8c8bb4ae1b4485664a8a6a625",
    "https://deno.land/x/redis@v0.37.1/executor.ts": "5ac4c1f7bec44d12ebc0f3702bf074bd3ba6c1aae74953582f6358d2948718e7",
    "https://deno.land/x/redis@v0.37.1/internal/encoding.ts": "0525f7f444a96b92cd36423abdfe221f8d8de4a018dc5cb6750a428a5fc897c2",
    "https://deno.land/x/redis@v0.37.1/internal/symbols.ts": "e36097bab1da1c9fe84a3bb9cb0ed1ec10c3dc7dd0b557769c5c54e15d110dd2",
    "https://deno.land/x/redis@v0.37.1/mod.ts": "e11d9384c2ffe1b3d81ce0ad275254519990635ad1ba39f46d49a73b3c35238d",
    "https://deno.land/x/redis@v0.37.1/pipeline.ts": "974fff59bf0befa2ad7eee50ecba40006c47364f5e3285e1335c9f9541b7ebae",
    "https://deno.land/x/redis@v0.37.1/protocol/deno_streams/command.ts": "5c5e5fb639cae22c1f9bfdc87631edcd67bb28bf8590161ae484d293b733aa01",
    "https://deno.land/x/redis@v0.37.1/protocol/deno_streams/mod.ts": "b084bf64d6b795f6c1d0b360d9be221e246a9c033e5d88fd1e82fa14f711d25b",
    "https://deno.land/x/redis@v0.37.1/protocol/deno_streams/reply.ts": "639de34541f207f793393a3cd45f9a23ef308f094d9d3d6ce62f84b175d3af47",
    "https://deno.land/x/redis@v0.37.1/protocol/shared/command.ts": "e75f6be115ff73bd865e01be4e2a28077a9993b1e0c54ed96b6825bfe997d382",
    "https://deno.land/x/redis@v0.37.1/protocol/shared/protocol.ts": "5b9284ee28ec74dfc723c7c7f07dca8d5f9d303414f36689503622dfdde12551",
    "https://deno.land/x/redis@v0.37.1/protocol/shared/reply.ts": "3311ff66357bacbd60785cb43b97539c341d8a7d963bc5e80cb864ac81909ea5",
    "https://deno.land/x/redis@v0.37.1/protocol/shared/types.ts": "c6bf2b9eafd69e358a972823d94b8b478c00bac195b87b33b7437de2a9bb7fb4",
    "https://deno.land/x/redis@v0.37.1/pubsub.ts": "a36892455b0a4a50af169332a165b0985cc90d84486087f036e507e3137b2afb",
    "https://deno.land/x/redis@v0.37.1/redis.ts": "4904772596c8a82d7112092e7edea45243eae38809b2f2ea8db61a4207fe246b",
    "https://deno.land/x/redis@v0.37.1/stream.ts": "d43076815d046eb8428fcd2799544a9fd07b3480099f5fc67d2ba12fdc73725f",
    "https://deno.land/x/superdeno@4.8.0/deps.ts": "e2cf96d1129c38e1daf87a405878fa51d5771a0ba9b1c250baa75db0a8cb99df",
    "https://deno.land/x/superdeno@4.8.0/mod.ts": "fa91c501867a4302a4bc92d63cbf934fe5475ebb7bf58335338e001147263c87",
    "https://deno.land/x/superdeno@4.8.0/src/close.ts": "8bd4ab602ebbb048d06697d0c48c30be5f78ab9ad673850965e8014d78cca7a8",
    "https://deno.land/x/superdeno@4.8.0/src/superagent.ts": "8f60187f9278b154ef6bccf09a5ff7d45f81103ad0ce02d45518a6bbe63ce764",
    "https://deno.land/x/superdeno@4.8.0/src/superdeno.ts": "2e2cd4898961ac7688f0c2a4b210bf560a338f6601bd231d74bf8a0956880311",
    "https://deno.land/x/superdeno@4.8.0/src/test.ts": "89386c2c207179cd1854baf40f37cd1c4a5d312f4605d8cdc4d495ff3fd14d10",
    "https://deno.land/x/superdeno@4.8.0/src/types.ts": "0fc4a0a1acf4c3acba3e3d956a9e8917ce32cd47dbb8e75ffadec21a43a8e52f",
    "https://deno.land/x/superdeno@4.8.0/src/utils.ts": "458c1699f73e348745b9b4d081e005dbc12d050fd2899ebf4f919515823ba1c0",
    "https://deno.land/x/superdeno@4.8.0/src/xhrSham.js": "91f28215c07af47155c7abe711a097d67d89916a80d666ef6d26fab3e5179af2",
    "https://deno.land/x/superdeno@4.8.0/version.ts": "c84185c6cf0c198d406ae8892cc56a981002cce5d09e9b6293718bf02ad1d2c4",
    "https://deno.land/x/superdeno@4.9.0/deps.ts": "acb88a5969aae0bcc82e053cb433cd183a10cc656495caa634b6e22a79156c4e",
    "https://deno.land/x/superdeno@4.9.0/mod.ts": "fa91c501867a4302a4bc92d63cbf934fe5475ebb7bf58335338e001147263c87",
    "https://deno.land/x/superdeno@4.9.0/src/close.ts": "8bd4ab602ebbb048d06697d0c48c30be5f78ab9ad673850965e8014d78cca7a8",
    "https://deno.land/x/superdeno@4.9.0/src/superagent.ts": "8f60187f9278b154ef6bccf09a5ff7d45f81103ad0ce02d45518a6bbe63ce764",
    "https://deno.land/x/superdeno@4.9.0/src/superdeno.ts": "2e2cd4898961ac7688f0c2a4b210bf560a338f6601bd231d74bf8a0956880311",
    "https://deno.land/x/superdeno@4.9.0/src/test.ts": "1ab3c8c98160af8c3b30e097809d5c57bdd38d7b42c703f3f170f8452ad06c0f",
    "https://deno.land/x/superdeno@4.9.0/src/types.ts": "9a48cdfafad3cea2212e1be29cdd2055e7d3d467437c9048012797323335abbb",
    "https://deno.land/x/superdeno@4.9.0/src/utils.ts": "09a2e65cc5cc2a261b885f0e66ee84e96e978181975a0728636d20e48b67bd89",
    "https://deno.land/x/superdeno@4.9.0/src/xhrSham.js": "6a35aed77bbe98324fe3b4d7430463b7cd6d3b43445ffdccd1fc327dc59dd3c6",
    "https://deno.land/x/superdeno@4.9.0/version.ts": "4f8ba8f2a6b201e8e96818d3ab5c43aef1db751523c4b79160500664b72f87de",
    "https://deno.land/x/superoak@4.7.0/deps.ts": "814a22b7182bff7ec6457f753f186ce6c12453759581d711359f76ea14f7caa1",
    "https://deno.land/x/superoak@4.7.0/mod.ts": "6d4ea8a5a48c9007f2e947934889c06259d3ebb5569515bcb0432036a22449cd",
    "https://deno.land/x/superoak@4.7.0/src/superoak.ts": "9c08a3211c4d1f7bb89e88fc3f242536fce654c157aa6db52d3c24f033bb3d28",
    "https://deno.land/x/superoak@4.7.0/version.ts": "7f24547dd88673cc8521f5aed9bf0e1634ba4170707a792ddb6f95d0e5ec8a8c",
    "https://deno.land/x/superoak@4.8.1/deps.ts": "d716c0b36fdac6458f6984ce80f69d0b645c7e0ac8461024a40ead5ed3fcd08d",
    "https://deno.land/x/superoak@4.8.1/mod.ts": "6d4ea8a5a48c9007f2e947934889c06259d3ebb5569515bcb0432036a22449cd",
    "https://deno.land/x/superoak@4.8.1/src/superoak.ts": "9c08a3211c4d1f7bb89e88fc3f242536fce654c157aa6db52d3c24f033bb3d28",
    "https://deno.land/x/superoak@4.8.1/version.ts": "b9b71ac3596ff0a6aaad2bf9df8a54fb2925abd526800879e261de9c693812bc",
    "https://jspm.dev/npm:call-bind@1.0.5!cjs": "09f8399c727fc1e9d58fdafc0a729b45bf37b7ee0c11d9d0b39abe37ac42ccf5",
    "https://jspm.dev/npm:call-bind@1.0.5/callBound!cjs": "55fa05e2b115eeaef9ff684e3df12de253e6644a40ad09b5722f3a9a8df8f645",
    "https://jspm.dev/npm:call-bind@1/callBound!cjs": "9cf2ef160025d392767618c2f0cb72d32cf14caa3fbeb493c6df9bde9d7fca8d",
    "https://jspm.dev/npm:component-emitter@1!cjs": "26c2994a5fcac1cd9156b00be96c5e2f006dd76338095a96006ac3a47c6c327d",
    "https://jspm.dev/npm:component-emitter@1.3.0!cjs": "757cafefb0bf5639f3f90b2267a7d168e03631e731c2a79fca847b735695e196",
    "https://jspm.dev/npm:define-data-property@1!cjs": "37b65cb06c826730306a5f766de69da37b96076c96ea11a47667e9429623f937",
    "https://jspm.dev/npm:define-data-property@1.1.1!cjs": "4ac6fa4b9d7ba7ccc83ffa350c58112ee878a450a97375217f66508d5673c822",
    "https://jspm.dev/npm:fast-safe-stringify@2!cjs": "d8dd0803af23f037ffb44c13e18333131af27ebe582f55fd498b6e3c8f6d5a9d",
    "https://jspm.dev/npm:fast-safe-stringify@2.1.1!cjs": "8a14a2de8a07a719c74aa63ffa5ff635fc55e9ee5d5a79fbc2e087dc4aa1940e",
    "https://jspm.dev/npm:function-bind@1!cjs": "73fbc50bf85e8a6ca150609e98c396301c1ae5a1603e50ce8c64e95f646e0ce0",
    "https://jspm.dev/npm:function-bind@1.1.2!cjs": "bbb663bc4e50f400a8ca0de9e0bfdaaa7022695f86b2806a48dc1afc5b4195a8",
    "https://jspm.dev/npm:function-bind@1.1.2/implementation!cjs": "ebdc0ec85854db19d7e21081b368891394f86e21c6d786273c327762cb46ea6a",
    "https://jspm.dev/npm:get-intrinsic@1!cjs": "f6d9266edc586632e8f6d8d6c5ca28fb2c0d5ee9c9d9252df9aafd57eda9fcea",
    "https://jspm.dev/npm:get-intrinsic@1.2.2!cjs": "723fcebc493a45d5af8ecb366020a6cc2ce9bd4759bad699c1172015cb193f65",
    "https://jspm.dev/npm:gopd@1!cjs": "c220469947b77de2c5e4b115beda16397bf6133c5b873b8e24e85b902ee6dc82",
    "https://jspm.dev/npm:gopd@1.0.1!cjs": "b38da4f4b49cfef31e3aa8d62fdd136cf0fe99a5df6c603a426f97248f3cf4ab",
    "https://jspm.dev/npm:has-property-descriptors@1!cjs": "b1a828f75a22a5614b136dd3da1be98cc744a2cd6bfed9bd8c338a8d51a570d1",
    "https://jspm.dev/npm:has-property-descriptors@1.0.1!cjs": "f8da64823507f597f3cb44a2f3576e350df72e1033ef5e7a5b30d771e81c0819",
    "https://jspm.dev/npm:has-proto@1!cjs": "78a2914e5525d531426c5d69fd5aa23671ec359c6c527b9791327f60ad1b6682",
    "https://jspm.dev/npm:has-proto@1.0.1!cjs": "0a9d605f1d310f859265780011d6343a7869cadf3a9e02fd6cc949c2924b528c",
    "https://jspm.dev/npm:has-symbols@1!cjs": "48faf647d225b64fa235ccc3e5a848e72221b0230935e421066a5de39aa89c3a",
    "https://jspm.dev/npm:has-symbols@1.0.3!cjs": "36965f84e4e0ea1abeddb6928d0719a2648e61ceb9825df185b40d05cddb64df",
    "https://jspm.dev/npm:has-symbols@1.0.3/shams!cjs": "669673e1dc7691c0b397580760121d57f3a5c5101dd70be2e8dd7d2a044de2e9",
    "https://jspm.dev/npm:hasown@2!cjs": "9a39af846b167cae93b7a40f1ba4c97255bb5b07a1481da853a29bb68d24e603",
    "https://jspm.dev/npm:hasown@2.0.0!cjs": "f52fd2477e345530f759465a984023f23d8261c4a54970e619daf1da6a2e85f5",
    "https://jspm.dev/npm:object-inspect@1!cjs": "dc197b471ed55ecf2eabeb8da9aaee277e97831e65192531432a4ec2346211d9",
    "https://jspm.dev/npm:object-inspect@1.13.1!cjs": "cec116e5c2b7d6b75e178d2541d70475d716ad912e3d5599e5c2d97284a9cb3e",
    "https://jspm.dev/npm:qs@6!cjs": "210de1e090ac836c2495c19dfea88fc74b49de1b308241f8c9490d27ab6e0195",
    "https://jspm.dev/npm:qs@6.11.2!cjs": "5da52fff60f7b1a6b1c73cdea2d9fc5d5588fa6c551b2a0ea2a1ebbb2a5e559f",
    "https://jspm.dev/npm:qs@6.11.2/_/e71c21de.js": "cfe49eb949fb7291803f1ed2f4c0a244b8fca3b6936f5082fc97581a0663e427",
    "https://jspm.dev/npm:qs@6.11.2/lib/stringify!cjs": "35d39c5871af151efe9ccca8e4ebecbf0282f97287b5fad56ebac369f69c2581",
    "https://jspm.dev/npm:set-function-length@1!cjs": "b4c766d874ba261ff0c11aa18a6bf4510ecf8da09a7219da83a62772e0bc1b41",
    "https://jspm.dev/npm:set-function-length@1.1.1!cjs": "f52607660d1f50e19e645ab49e6a4adf27fa4ae909867ec9950e993c430e4ca1",
    "https://jspm.dev/npm:side-channel@1!cjs": "a07dfe7165af0d7f916d089490c38839397abcd8b218e4566b270858c9a0ea04",
    "https://jspm.dev/npm:side-channel@1.0.4!cjs": "db65b31b6f9e67d57f04e26d71eb5b376306f5a89ab46fae1278c3ffefb19663",
    "https://jspm.dev/npm:superagent@6.1.0!cjs": "fcf1c0b17cb3ff899b59ae178fc4ab74ad3b592d7fa8b44b16394001758e3176",
    "https://jspm.dev/npm:superagent@6.1.0/lib/agent-base!cjs": "cfe465965a55d80114d835143717413945d0bbc46355d0f7f8200a89902ed006",
    "https://jspm.dev/npm:superagent@6.1.0/lib/is-object!cjs": "95f67ff49b42fd5e82114b9d54a4b3fe1ac98813aed7ceaf53d314983f59820a",
    "https://jspm.dev/npm:superagent@6.1.0/lib/request-base!cjs": "e361c341aa75d7417c918bc8fb697d0ccf96101e039dd2f00e5e45c01c534caa",
    "https://jspm.dev/npm:superagent@6.1.0/lib/response-base!cjs": "00ac549f34d73c2753caa798aa7eb781051179013e3418ff0868a1e1904a8913",
    "https://jspm.dev/npm:superagent@6.1.0/lib/utils!cjs": "ea706523553983c96ef4ab2f191c61c53fb8b78ad8ff2472b48f1385e896c030",
    "https://jspm.dev/superagent@6.1.0": "4b3082d71252c42abd3930d85d1f3c4b2e937e0fab2b5f1c9d19eac20dea89a9"
  }
}
